
Microsoft Visual Studio Solution File, Format Version 12.00
# Visual Studio Version 16
VisualStudioVersion = 16.0.810.3
MinimumVisualStudioVersion = 10.0.40219.1
Project("{FAE04EC0-301F-11D3-BF4B-00C04F79EFBC}") = "BookStore.Entities", "02_Entities\BookStore.Entities.csproj", "{45791782-FE72-48CF-AB17-3508971A1B5C}"
EndProject
Project("{FAE04EC0-301F-11D3-BF4B-00C04F79EFBC}") = "BookStore.AppCore", "01_AppCore\BookStore.AppCore.csproj", "{A6551BB0-E65E-4F95-A7B2-B0A12822D003}"
EndProject
Project("{FAE04EC0-301F-11D3-BF4B-00C04F79EFBC}") = "BookStore.DataAccess", "03_DataAccess\BookStore.DataAccess.csproj", "{0854FE76-2B10-4436-99CE-6F58BD9C937C}"
EndProject
Project("{FAE04EC0-301F-11D3-BF4B-00C04F79EFBC}") = "BookStore.Business", "04_Business\BookStore.Business.csproj", "{EAF976A1-660F-4DF8-B308-620B4D5B840B}"
EndProject
Project("{FAE04EC0-301F-11D3-BF4B-00C04F79EFBC}") = "BookStore.MvcWebUI", "05_MvcWebUI\BookStore.MvcWebUI.csproj", "{41B67A5F-8D0C-4D4D-A23A-1923207CCB63}"
EndProject
Global
	GlobalSection(SolutionConfigurationPlatforms) = preSolution
		Debug|Any CPU = Debug|Any CPU
		Release|Any CPU = Release|Any CPU
	EndGlobalSection
	GlobalSection(ProjectConfigurationPlatforms) = postSolution
		{45791782-FE72-48CF-AB17-3508971A1B5C}.Debug|Any CPU.ActiveCfg = Debug|Any CPU
		{45791782-FE72-48CF-AB17-3508971A1B5C}.Debug|Any CPU.Build.0 = Debug|Any CPU
		{45791782-FE72-48CF-AB17-3508971A1B5C}.Release|Any CPU.ActiveCfg = Release|Any CPU
		{45791782-FE72-48CF-AB17-3508971A1B5C}.Release|Any CPU.Build.0 = Release|Any CPU
		{A6551BB0-E65E-4F95-A7B2-B0A12822D003}.Debug|Any CPU.ActiveCfg = Debug|Any CPU
		{A6551BB0-E65E-4F95-A7B2-B0A12822D003}.Debug|Any CPU.Build.0 = Debug|Any CPU
		{A6551BB0-E65E-4F95-A7B2-B0A12822D003}.Release|Any CPU.ActiveCfg = Release|Any CPU
		{A6551BB0-E65E-4F95-A7B2-B0A12822D003}.Release|Any CPU.Build.0 = Release|Any CPU
		{0854FE76-2B10-4436-99CE-6F58BD9C937C}.Debug|Any CPU.ActiveCfg = Debug|Any CPU
		{0854FE76-2B10-4436-99CE-6F58BD9C937C}.Debug|Any CPU.Build.0 = Debug|Any CPU
		{0854FE76-2B10-4436-99CE-6F58BD9C937C}.Release|Any CPU.ActiveCfg = Release|Any CPU
		{0854FE76-2B10-4436-99CE-6F58BD9C937C}.Release|Any CPU.Build.0 = Release|Any CPU
		{EAF976A1-660F-4DF8-B308-620B4D5B840B}.Debug|Any CPU.ActiveCfg = Debug|Any CPU
		{EAF976A1-660F-4DF8-B308-620B4D5B840B}.Debug|Any CPU.Build.0 = Debug|Any CPU
		{EAF976A1-660F-4DF8-B308-620B4D5B840B}.Release|Any CPU.ActiveCfg = Release|Any CPU
		{EAF976A1-660F-4DF8-B308-620B4D5B840B}.Release|Any CPU.Build.0 = Release|Any CPU
		{41B67A5F-8D0C-4D4D-A23A-1923207CCB63}.Debug|Any CPU.ActiveCfg = Debug|Any CPU
		{41B67A5F-8D0C-4D4D-A23A-1923207CCB63}.Debug|Any CPU.Build.0 = Debug|Any CPU
		{41B67A5F-8D0C-4D4D-A23A-1923207CCB63}.Release|Any CPU.ActiveCfg = Release|Any CPU
		{41B67A5F-8D0C-4D4D-A23A-1923207CCB63}.Release|Any CPU.Build.0 = Release|Any CPU
	EndGlobalSection
	GlobalSection(SolutionProperties) = preSolution
		HideSolutionNode = FALSE
	EndGlobalSection
	GlobalSection(ExtensibilityGlobals) = postSolution
		SolutionGuid = {2639F384-8A51-4A83-B5A4-7A6A7D701DEB}
	EndGlobalSection
EndGlobal
